
Microsoft Visual Studio Solution File, Format Version 12.00
# Visual Studio Version 16
VisualStudioVersion = 16.0.30709.132
MinimumVisualStudioVersion = 15.0.26124.0
Project("{FAE04EC0-301F-11D3-BF4B-00C04F79EFBC}") = "TgBotPillar.Api", "TgBotPillar.Api\TgBotPillar.Api.csproj", "{480C4DD3-0F82-4B5C-9ACD-5F8AF7AEA9B9}"
EndProject
Global
	GlobalSection(SolutionConfigurationPlatforms) = preSolution
		Debug|Any CPU = Debug|Any CPU
		Release|Any CPU = Release|Any CPU
	EndGlobalSection
	GlobalSection(ProjectConfigurationPlatforms) = postSolution
		{480C4DD3-0F82-4B5C-9ACD-5F8AF7AEA9B9}.Debug|Any CPU.ActiveCfg = Debug|Any CPU
		{480C4DD3-0F82-4B5C-9ACD-5F8AF7AEA9B9}.Debug|Any CPU.Build.0 = Debug|Any CPU
		{480C4DD3-0F82-4B5C-9ACD-5F8AF7AEA9B9}.Release|Any CPU.ActiveCfg = Release|Any CPU
		{480C4DD3-0F82-4B5C-9ACD-5F8AF7AEA9B9}.Release|Any CPU.Build.0 = Release|Any CPU
	EndGlobalSection
	GlobalSection(SolutionProperties) = preSolution
		HideSolutionNode = FALSE
	EndGlobalSection
	GlobalSection(ExtensibilityGlobals) = postSolution
		SolutionGuid = {9E3CD9F2-53A2-4C45-9145-DE343DBFCEE0}
	EndGlobalSection
EndGlobal
